
Microsoft Visual Studio Solution File, Format Version 12.00
# Visual Studio Version 16
VisualStudioVersion = 16.0.29709.97
MinimumVisualStudioVersion = 10.0.40219.1
Project("{FAE04EC0-301F-11D3-BF4B-00C04F79EFBC}") = "ReadExcelEpPlus", "ReadExcelEppPlus\ReadExcelEpPlus.csproj", "{718CC30E-F149-4344-B8BA-71CB5224F314}"
EndProject
Global
	GlobalSection(SolutionConfigurationPlatforms) = preSolution
		Debug|Any CPU = Debug|Any CPU
		Release|Any CPU = Release|Any CPU
	EndGlobalSection
	GlobalSection(ProjectConfigurationPlatforms) = postSolution
		{718CC30E-F149-4344-B8BA-71CB5224F314}.Debug|Any CPU.ActiveCfg = Debug|Any CPU
		{718CC30E-F149-4344-B8BA-71CB5224F314}.Debug|Any CPU.Build.0 = Debug|Any CPU
		{718CC30E-F149-4344-B8BA-71CB5224F314}.Release|Any CPU.ActiveCfg = Release|Any CPU
		{718CC30E-F149-4344-B8BA-71CB5224F314}.Release|Any CPU.Build.0 = Release|Any CPU
	EndGlobalSection
	GlobalSection(SolutionProperties) = preSolution
		HideSolutionNode = FALSE
	EndGlobalSection
	GlobalSection(ExtensibilityGlobals) = postSolution
		SolutionGuid = {EA81F2FD-83CD-444C-B412-8EDB09FCC497}
	EndGlobalSection
EndGlobal
